
Microsoft Visual Studio Solution File, Format Version 12.00
# Visual Studio Version 17
VisualStudioVersion = 17.3.32929.385
MinimumVisualStudioVersion = 10.0.40219.1
Project("{FAE04EC0-301F-11D3-BF4B-00C04F79EFBC}") = "CaesarCode", "CaesarCode\CaesarCode.csproj", "{6C04FBC3-E31A-4A5D-983D-9FAB8AE2E0AD}"
EndProject
Global
	GlobalSection(SolutionConfigurationPlatforms) = preSolution
		Debug|Any CPU = Debug|Any CPU
		Release|Any CPU = Release|Any CPU
	EndGlobalSection
	GlobalSection(ProjectConfigurationPlatforms) = postSolution
		{6C04FBC3-E31A-4A5D-983D-9FAB8AE2E0AD}.Debug|Any CPU.ActiveCfg = Debug|Any CPU
		{6C04FBC3-E31A-4A5D-983D-9FAB8AE2E0AD}.Debug|Any CPU.Build.0 = Debug|Any CPU
		{6C04FBC3-E31A-4A5D-983D-9FAB8AE2E0AD}.Release|Any CPU.ActiveCfg = Release|Any CPU
		{6C04FBC3-E31A-4A5D-983D-9FAB8AE2E0AD}.Release|Any CPU.Build.0 = Release|Any CPU
	EndGlobalSection
	GlobalSection(SolutionProperties) = preSolution
		HideSolutionNode = FALSE
	EndGlobalSection
	GlobalSection(ExtensibilityGlobals) = postSolution
		SolutionGuid = {AB1BE391-8D3B-449A-9FCA-21C5C7450E40}
	EndGlobalSection
EndGlobal
